
Microsoft Visual Studio Solution File, Format Version 12.00
# Visual Studio Version 17
VisualStudioVersion = 17.9.34622.214
MinimumVisualStudioVersion = 10.0.40219.1
Project("{FAE04EC0-301F-11D3-BF4B-00C04F79EFBC}") = "Funcionario", "Funcionario.csproj", "{78608A54-B44C-4E97-ACF0-A9997D575650}"
EndProject
Global
	GlobalSection(SolutionConfigurationPlatforms) = preSolution
		Debug|Any CPU = Debug|Any CPU
		Release|Any CPU = Release|Any CPU
	EndGlobalSection
	GlobalSection(ProjectConfigurationPlatforms) = postSolution
		{78608A54-B44C-4E97-ACF0-A9997D575650}.Debug|Any CPU.ActiveCfg = Debug|Any CPU
		{78608A54-B44C-4E97-ACF0-A9997D575650}.Debug|Any CPU.Build.0 = Debug|Any CPU
		{78608A54-B44C-4E97-ACF0-A9997D575650}.Release|Any CPU.ActiveCfg = Release|Any CPU
		{78608A54-B44C-4E97-ACF0-A9997D575650}.Release|Any CPU.Build.0 = Release|Any CPU
	EndGlobalSection
	GlobalSection(SolutionProperties) = preSolution
		HideSolutionNode = FALSE
	EndGlobalSection
	GlobalSection(ExtensibilityGlobals) = postSolution
		SolutionGuid = {D8B54485-6CE0-42B0-BA2A-28CDE6DB1E01}
	EndGlobalSection
EndGlobal
